
Microsoft Visual Studio Solution File, Format Version 12.00
# Visual Studio 15
Project("{FAE04EC0-301F-11D3-BF4B-00C04F79EFBC}") = "ParrelSync", "ParrelSync.csproj", "{69F3387C-AE15-61E0-46CC-07043C0F70D4}"
EndProject
Project("{FAE04EC0-301F-11D3-BF4B-00C04F79EFBC}") = "Assembly-CSharp", "Assembly-CSharp.csproj", "{ED40F039-B0BD-5AD6-5761-78A25F7A76F2}"
EndProject
Global
	GlobalSection(SolutionConfigurationPlatforms) = preSolution
		Debug|Any CPU = Debug|Any CPU
		Release|Any CPU = Release|Any CPU
	EndGlobalSection
	GlobalSection(ProjectConfigurationPlatforms) = postSolution
		{69F3387C-AE15-61E0-46CC-07043C0F70D4}.Debug|Any CPU.ActiveCfg = Debug|Any CPU
		{69F3387C-AE15-61E0-46CC-07043C0F70D4}.Debug|Any CPU.Build.0 = Debug|Any CPU
		{69F3387C-AE15-61E0-46CC-07043C0F70D4}.Release|Any CPU.ActiveCfg = Release|Any CPU
		{69F3387C-AE15-61E0-46CC-07043C0F70D4}.Release|Any CPU.Build.0 = Release|Any CPU
		{ED40F039-B0BD-5AD6-5761-78A25F7A76F2}.Debug|Any CPU.ActiveCfg = Debug|Any CPU
		{ED40F039-B0BD-5AD6-5761-78A25F7A76F2}.Debug|Any CPU.Build.0 = Debug|Any CPU
		{ED40F039-B0BD-5AD6-5761-78A25F7A76F2}.Release|Any CPU.ActiveCfg = Release|Any CPU
		{ED40F039-B0BD-5AD6-5761-78A25F7A76F2}.Release|Any CPU.Build.0 = Release|Any CPU
	EndGlobalSection
	GlobalSection(SolutionProperties) = preSolution
		HideSolutionNode = FALSE
	EndGlobalSection
EndGlobal
